
Microsoft Visual Studio Solution File, Format Version 12.00
# Visual Studio Version 17
VisualStudioVersion = 17.9.34728.123
MinimumVisualStudioVersion = 10.0.40219.1
Project("{FAE04EC0-301F-11D3-BF4B-00C04F79EFBC}") = "TreatmentPDF", "TreatmentPDF\TreatmentPDF.csproj", "{2E99247D-7CA2-4B6C-A8DE-4A47BCF78C6F}"
EndProject
Global
	GlobalSection(SolutionConfigurationPlatforms) = preSolution
		Debug|Any CPU = Debug|Any CPU
		Release|Any CPU = Release|Any CPU
	EndGlobalSection
	GlobalSection(ProjectConfigurationPlatforms) = postSolution
		{2E99247D-7CA2-4B6C-A8DE-4A47BCF78C6F}.Debug|Any CPU.ActiveCfg = Debug|Any CPU
		{2E99247D-7CA2-4B6C-A8DE-4A47BCF78C6F}.Debug|Any CPU.Build.0 = Debug|Any CPU
		{2E99247D-7CA2-4B6C-A8DE-4A47BCF78C6F}.Release|Any CPU.ActiveCfg = Release|Any CPU
		{2E99247D-7CA2-4B6C-A8DE-4A47BCF78C6F}.Release|Any CPU.Build.0 = Release|Any CPU
	EndGlobalSection
	GlobalSection(SolutionProperties) = preSolution
		HideSolutionNode = FALSE
	EndGlobalSection
	GlobalSection(ExtensibilityGlobals) = postSolution
		SolutionGuid = {E1516A9F-A5A3-45CD-BD0D-BAE0AE86CA35}
	EndGlobalSection
EndGlobal
